
Microsoft Visual Studio Solution File, Format Version 12.00
# Visual Studio Version 16
VisualStudioVersion = 16.0.31019.35
MinimumVisualStudioVersion = 10.0.40219.1
Project("{FAE04EC0-301F-11D3-BF4B-00C04F79EFBC}") = "PI_Lab_10", "PI_Lab_10.csproj", "{0C966BD9-93A2-4BDF-9AD5-83C63E981285}"
EndProject
Global
	GlobalSection(SolutionConfigurationPlatforms) = preSolution
		Debug|Any CPU = Debug|Any CPU
		Release|Any CPU = Release|Any CPU
	EndGlobalSection
	GlobalSection(ProjectConfigurationPlatforms) = postSolution
		{0C966BD9-93A2-4BDF-9AD5-83C63E981285}.Debug|Any CPU.ActiveCfg = Debug|Any CPU
		{0C966BD9-93A2-4BDF-9AD5-83C63E981285}.Debug|Any CPU.Build.0 = Debug|Any CPU
		{0C966BD9-93A2-4BDF-9AD5-83C63E981285}.Release|Any CPU.ActiveCfg = Release|Any CPU
		{0C966BD9-93A2-4BDF-9AD5-83C63E981285}.Release|Any CPU.Build.0 = Release|Any CPU
	EndGlobalSection
	GlobalSection(SolutionProperties) = preSolution
		HideSolutionNode = FALSE
	EndGlobalSection
	GlobalSection(ExtensibilityGlobals) = postSolution
		SolutionGuid = {FC884695-52BF-4F83-A62E-230ADCA3E38F}
	EndGlobalSection
EndGlobal
