
Microsoft Visual Studio Solution File, Format Version 12.00
# Visual Studio Version 16
VisualStudioVersion = 16.0.31019.35
MinimumVisualStudioVersion = 10.0.40219.1
Project("{FAE04EC0-301F-11D3-BF4B-00C04F79EFBC}") = "PI_Lab_11", "PI_Lab_11.csproj", "{7FE81CB4-CB2E-49AB-A992-716B33277B60}"
EndProject
Global
	GlobalSection(SolutionConfigurationPlatforms) = preSolution
		Debug|Any CPU = Debug|Any CPU
		Release|Any CPU = Release|Any CPU
	EndGlobalSection
	GlobalSection(ProjectConfigurationPlatforms) = postSolution
		{7FE81CB4-CB2E-49AB-A992-716B33277B60}.Debug|Any CPU.ActiveCfg = Debug|Any CPU
		{7FE81CB4-CB2E-49AB-A992-716B33277B60}.Debug|Any CPU.Build.0 = Debug|Any CPU
		{7FE81CB4-CB2E-49AB-A992-716B33277B60}.Release|Any CPU.ActiveCfg = Release|Any CPU
		{7FE81CB4-CB2E-49AB-A992-716B33277B60}.Release|Any CPU.Build.0 = Release|Any CPU
	EndGlobalSection
	GlobalSection(SolutionProperties) = preSolution
		HideSolutionNode = FALSE
	EndGlobalSection
	GlobalSection(ExtensibilityGlobals) = postSolution
		SolutionGuid = {DB432096-AE6E-47A2-BCEB-AAB94B82E5DD}
	EndGlobalSection
EndGlobal
