
Microsoft Visual Studio Solution File, Format Version 12.00
# Visual Studio Version 16
VisualStudioVersion = 16.0.30804.86
MinimumVisualStudioVersion = 10.0.40219.1
Project("{FAE04EC0-301F-11D3-BF4B-00C04F79EFBC}") = "PI_Lab_1.2", "PI_Lab_1.2.csproj", "{23FA38F4-6779-4D13-9B78-CF494C9DD0B3}"
EndProject
Global
	GlobalSection(SolutionConfigurationPlatforms) = preSolution
		Debug|Any CPU = Debug|Any CPU
		Release|Any CPU = Release|Any CPU
	EndGlobalSection
	GlobalSection(ProjectConfigurationPlatforms) = postSolution
		{23FA38F4-6779-4D13-9B78-CF494C9DD0B3}.Debug|Any CPU.ActiveCfg = Debug|Any CPU
		{23FA38F4-6779-4D13-9B78-CF494C9DD0B3}.Debug|Any CPU.Build.0 = Debug|Any CPU
		{23FA38F4-6779-4D13-9B78-CF494C9DD0B3}.Release|Any CPU.ActiveCfg = Release|Any CPU
		{23FA38F4-6779-4D13-9B78-CF494C9DD0B3}.Release|Any CPU.Build.0 = Release|Any CPU
	EndGlobalSection
	GlobalSection(SolutionProperties) = preSolution
		HideSolutionNode = FALSE
	EndGlobalSection
	GlobalSection(ExtensibilityGlobals) = postSolution
		SolutionGuid = {6CFD3535-AE29-4760-BE9F-46FBB9E54487}
	EndGlobalSection
EndGlobal
